PODS:
  - Alamofire (5.0.0-beta.3)
  - Kingfisher (5.3.0)
  - SwiftHash (2.0.2)

DEPENDENCIES:
  - Alamofire (~> 5.0.0-beta.3)
  - Kingfisher (~> 5.0)
  - SwiftHash

SPEC REPOS:
  https://github.com/cocoapods/specs.git:
    - Alamofire
    - Kingfisher
    - SwiftHash

SPEC CHECKSUMS:
  Alamofire: 50d6fa7e8cbe7f84559e86ab641ffd029db655f8
  Kingfisher: 4692c783ffb99e9e2e40a6eb3e518c3b96c6fa8c
  SwiftHash: 6d312abe61c8359bdef8d0093642f3a70b1c17ba

PODFILE CHECKSUM: 3a80762fb94161266479af94b7edb48676e9f800

COCOAPODS: 1.6.1
